
Microsoft Visual Studio Solution File, Format Version 12.00
# Visual Studio Version 16
VisualStudioVersion = 16.0.28922.388
MinimumVisualStudioVersion = 10.0.40219.1
Project("{FAE04EC0-301F-11D3-BF4B-00C04F79EFBC}") = "Sonic '06 Mod Manager", "Sonic '06 Mod Manager\Sonic '06 Mod Manager.csproj", "{6F733D60-8984-4DC7-90DC-010BFCCD273E}"
EndProject
Global
	GlobalSection(SolutionConfigurationPlatforms) = preSolution
		Debug|Any CPU = Debug|Any CPU
		Release|Any CPU = Release|Any CPU
	EndGlobalSection
	GlobalSection(ProjectConfigurationPlatforms) = postSolution
		{6F733D60-8984-4DC7-90DC-010BFCCD273E}.Debug|Any CPU.ActiveCfg = Debug|Any CPU
		{6F733D60-8984-4DC7-90DC-010BFCCD273E}.Debug|Any CPU.Build.0 = Debug|Any CPU
		{6F733D60-8984-4DC7-90DC-010BFCCD273E}.Release|Any CPU.ActiveCfg = Release|Any CPU
		{6F733D60-8984-4DC7-90DC-010BFCCD273E}.Release|Any CPU.Build.0 = Release|Any CPU
	EndGlobalSection
	GlobalSection(SolutionProperties) = preSolution
		HideSolutionNode = FALSE
	EndGlobalSection
	GlobalSection(ExtensibilityGlobals) = postSolution
		SolutionGuid = {DB0359C6-E28F-4530-91C5-EE44DAB0E477}
	EndGlobalSection
EndGlobal
