
Microsoft Visual Studio Solution File, Format Version 12.00
# Visual Studio Version 17
VisualStudioVersion = 17.0.31717.71
MinimumVisualStudioVersion = 10.0.40219.1
Project("{9A19103F-16F7-4668-BE54-9A1E7A4F7556}") = "SonicNextModManager", "SonicNextModManager\SonicNextModManager.csproj", "{59D3C39C-7292-462C-9C40-8228E8E45593}"
EndProject
Global
	GlobalSection(SolutionConfigurationPlatforms) = preSolution
		Debug|Any CPU = Debug|Any CPU
		Release|Any CPU = Release|Any CPU
	EndGlobalSection
	GlobalSection(ProjectConfigurationPlatforms) = postSolution
		{59D3C39C-7292-462C-9C40-8228E8E45593}.Debug|Any CPU.ActiveCfg = Debug|Any CPU
		{59D3C39C-7292-462C-9C40-8228E8E45593}.Debug|Any CPU.Build.0 = Debug|Any CPU
		{59D3C39C-7292-462C-9C40-8228E8E45593}.Release|Any CPU.ActiveCfg = Release|Any CPU
		{59D3C39C-7292-462C-9C40-8228E8E45593}.Release|Any CPU.Build.0 = Release|Any CPU
	EndGlobalSection
	GlobalSection(SolutionProperties) = preSolution
		HideSolutionNode = FALSE
	EndGlobalSection
	GlobalSection(ExtensibilityGlobals) = postSolution
		SolutionGuid = {53F6D497-537E-4720-AECB-E77B456BBFEA}
	EndGlobalSection
EndGlobal
